
Microsoft Visual Studio Solution File, Format Version 12.00
# Visual Studio Version 17
VisualStudioVersion = 17.10.34916.146
MinimumVisualStudioVersion = 10.0.40219.1
Project("{9A19103F-16F7-4668-BE54-9A1E7A4F7556}") = "STMigration", "STMigration\STMigration.csproj", "{749B8288-973B-4836-9D1D-7812DF1D75CF}"
EndProject
Project("{9A19103F-16F7-4668-BE54-9A1E7A4F7556}") = "SlackToTeams", "SlackToTeams\SlackToTeams.csproj", "{3EF3DE01-39BC-468B-8CC6-FDE514228A83}"
EndProject
Project("{FAE04EC0-301F-11D3-BF4B-00C04F79EFBC}") = "EmojiListGenerator", "EmojiListGenerator\EmojiListGenerator.csproj", "{D479AC05-CA19-4300-92EF-A18D732C36CF}"
EndProject
Global
	GlobalSection(SolutionConfigurationPlatforms) = preSolution
		Debug|Any CPU = Debug|Any CPU
		Release|Any CPU = Release|Any CPU
	EndGlobalSection
	GlobalSection(ProjectConfigurationPlatforms) = postSolution
		{749B8288-973B-4836-9D1D-7812DF1D75CF}.Debug|Any CPU.ActiveCfg = Debug|Any CPU
		{749B8288-973B-4836-9D1D-7812DF1D75CF}.Debug|Any CPU.Build.0 = Debug|Any CPU
		{749B8288-973B-4836-9D1D-7812DF1D75CF}.Release|Any CPU.ActiveCfg = Release|Any CPU
		{749B8288-973B-4836-9D1D-7812DF1D75CF}.Release|Any CPU.Build.0 = Release|Any CPU
		{3EF3DE01-39BC-468B-8CC6-FDE514228A83}.Debug|Any CPU.ActiveCfg = Debug|Any CPU
		{3EF3DE01-39BC-468B-8CC6-FDE514228A83}.Debug|Any CPU.Build.0 = Debug|Any CPU
		{3EF3DE01-39BC-468B-8CC6-FDE514228A83}.Release|Any CPU.ActiveCfg = Release|Any CPU
		{3EF3DE01-39BC-468B-8CC6-FDE514228A83}.Release|Any CPU.Build.0 = Release|Any CPU
		{D479AC05-CA19-4300-92EF-A18D732C36CF}.Debug|Any CPU.ActiveCfg = Debug|Any CPU
		{D479AC05-CA19-4300-92EF-A18D732C36CF}.Debug|Any CPU.Build.0 = Debug|Any CPU
		{D479AC05-CA19-4300-92EF-A18D732C36CF}.Release|Any CPU.ActiveCfg = Release|Any CPU
		{D479AC05-CA19-4300-92EF-A18D732C36CF}.Release|Any CPU.Build.0 = Release|Any CPU
	EndGlobalSection
	GlobalSection(SolutionProperties) = preSolution
		HideSolutionNode = FALSE
	EndGlobalSection
	GlobalSection(ExtensibilityGlobals) = postSolution
		SolutionGuid = {80B2AE71-B669-496F-B9D1-B921BE8BD83D}
	EndGlobalSection
EndGlobal
